
Microsoft Visual Studio Solution File, Format Version 12.00
# Visual Studio 15
Project("{FAE04EC0-301F-11D3-BF4B-00C04F79EFBC}") = "CFXRDemo", "CFXRDemo.csproj", "{497D18C0-7EBD-A723-C08A-0C9ACB0FDFB1}"
EndProject
Project("{FAE04EC0-301F-11D3-BF4B-00C04F79EFBC}") = "Assembly-CSharp", "Assembly-CSharp.csproj", "{A513BC8D-6A7D-D6C5-EEBE-D27CF600D276}"
EndProject
Project("{FAE04EC0-301F-11D3-BF4B-00C04F79EFBC}") = "CFXRRuntime", "CFXRRuntime.csproj", "{5175A3EC-EA17-C7C1-91BC-6858EDE95E6C}"
EndProject
Project("{FAE04EC0-301F-11D3-BF4B-00C04F79EFBC}") = "KinoBloom.Runtime", "KinoBloom.Runtime.csproj", "{35DDD8E9-1771-1583-6744-8D83FF54A76F}"
EndProject
Project("{FAE04EC0-301F-11D3-BF4B-00C04F79EFBC}") = "Assembly-CSharp-Editor", "Assembly-CSharp-Editor.csproj", "{B728BA6F-BB4A-66B9-57A2-597CAD6A31B0}"
EndProject
Project("{FAE04EC0-301F-11D3-BF4B-00C04F79EFBC}") = "ToonyColorsPro.Demo.Editor", "ToonyColorsPro.Demo.Editor.csproj", "{EB453EB0-D676-041E-5126-EC77133D47EB}"
EndProject
Project("{FAE04EC0-301F-11D3-BF4B-00C04F79EFBC}") = "CFXREditor", "CFXREditor.csproj", "{0258D7FB-51CD-0E76-CA97-9A6BFDEB1DB8}"
EndProject
Project("{FAE04EC0-301F-11D3-BF4B-00C04F79EFBC}") = "CFXR.WelcomeScreen", "CFXR.WelcomeScreen.csproj", "{9C648F5C-92F2-CF89-A1E2-FBC30695486C}"
EndProject
Global
	GlobalSection(SolutionConfigurationPlatforms) = preSolution
		Debug|Any CPU = Debug|Any CPU
		Release|Any CPU = Release|Any CPU
	EndGlobalSection
	GlobalSection(ProjectConfigurationPlatforms) = postSolution
		{497D18C0-7EBD-A723-C08A-0C9ACB0FDFB1}.Debug|Any CPU.ActiveCfg = Debug|Any CPU
		{497D18C0-7EBD-A723-C08A-0C9ACB0FDFB1}.Debug|Any CPU.Build.0 = Debug|Any CPU
		{497D18C0-7EBD-A723-C08A-0C9ACB0FDFB1}.Release|Any CPU.ActiveCfg = Release|Any CPU
		{497D18C0-7EBD-A723-C08A-0C9ACB0FDFB1}.Release|Any CPU.Build.0 = Release|Any CPU
		{A513BC8D-6A7D-D6C5-EEBE-D27CF600D276}.Debug|Any CPU.ActiveCfg = Debug|Any CPU
		{A513BC8D-6A7D-D6C5-EEBE-D27CF600D276}.Debug|Any CPU.Build.0 = Debug|Any CPU
		{A513BC8D-6A7D-D6C5-EEBE-D27CF600D276}.Release|Any CPU.ActiveCfg = Release|Any CPU
		{A513BC8D-6A7D-D6C5-EEBE-D27CF600D276}.Release|Any CPU.Build.0 = Release|Any CPU
		{5175A3EC-EA17-C7C1-91BC-6858EDE95E6C}.Debug|Any CPU.ActiveCfg = Debug|Any CPU
		{5175A3EC-EA17-C7C1-91BC-6858EDE95E6C}.Debug|Any CPU.Build.0 = Debug|Any CPU
		{5175A3EC-EA17-C7C1-91BC-6858EDE95E6C}.Release|Any CPU.ActiveCfg = Release|Any CPU
		{5175A3EC-EA17-C7C1-91BC-6858EDE95E6C}.Release|Any CPU.Build.0 = Release|Any CPU
		{35DDD8E9-1771-1583-6744-8D83FF54A76F}.Debug|Any CPU.ActiveCfg = Debug|Any CPU
		{35DDD8E9-1771-1583-6744-8D83FF54A76F}.Debug|Any CPU.Build.0 = Debug|Any CPU
		{35DDD8E9-1771-1583-6744-8D83FF54A76F}.Release|Any CPU.ActiveCfg = Release|Any CPU
		{35DDD8E9-1771-1583-6744-8D83FF54A76F}.Release|Any CPU.Build.0 = Release|Any CPU
		{B728BA6F-BB4A-66B9-57A2-597CAD6A31B0}.Debug|Any CPU.ActiveCfg = Debug|Any CPU
		{B728BA6F-BB4A-66B9-57A2-597CAD6A31B0}.Debug|Any CPU.Build.0 = Debug|Any CPU
		{B728BA6F-BB4A-66B9-57A2-597CAD6A31B0}.Release|Any CPU.ActiveCfg = Release|Any CPU
		{B728BA6F-BB4A-66B9-57A2-597CAD6A31B0}.Release|Any CPU.Build.0 = Release|Any CPU
		{EB453EB0-D676-041E-5126-EC77133D47EB}.Debug|Any CPU.ActiveCfg = Debug|Any CPU
		{EB453EB0-D676-041E-5126-EC77133D47EB}.Debug|Any CPU.Build.0 = Debug|Any CPU
		{EB453EB0-D676-041E-5126-EC77133D47EB}.Release|Any CPU.ActiveCfg = Release|Any CPU
		{EB453EB0-D676-041E-5126-EC77133D47EB}.Release|Any CPU.Build.0 = Release|Any CPU
		{0258D7FB-51CD-0E76-CA97-9A6BFDEB1DB8}.Debug|Any CPU.ActiveCfg = Debug|Any CPU
		{0258D7FB-51CD-0E76-CA97-9A6BFDEB1DB8}.Debug|Any CPU.Build.0 = Debug|Any CPU
		{0258D7FB-51CD-0E76-CA97-9A6BFDEB1DB8}.Release|Any CPU.ActiveCfg = Release|Any CPU
		{0258D7FB-51CD-0E76-CA97-9A6BFDEB1DB8}.Release|Any CPU.Build.0 = Release|Any CPU
		{9C648F5C-92F2-CF89-A1E2-FBC30695486C}.Debug|Any CPU.ActiveCfg = Debug|Any CPU
		{9C648F5C-92F2-CF89-A1E2-FBC30695486C}.Debug|Any CPU.Build.0 = Debug|Any CPU
		{9C648F5C-92F2-CF89-A1E2-FBC30695486C}.Release|Any CPU.ActiveCfg = Release|Any CPU
		{9C648F5C-92F2-CF89-A1E2-FBC30695486C}.Release|Any CPU.Build.0 = Release|Any CPU
	EndGlobalSection
	GlobalSection(SolutionProperties) = preSolution
		HideSolutionNode = FALSE
	EndGlobalSection
EndGlobal
